
Microsoft Visual Studio Solution File, Format Version 12.00
# Visual Studio 2015
Project("{FAE04EC0-301F-11D3-BF4B-00C04F79EFBC}") = "Roguelike-tutorial.CSharp", "Roguelike-tutorial.CSharp.csproj", "{BB438C8B-4542-17C3-14F9-FFA2D647AF4A}"
EndProject
Project("{FAE04EC0-301F-11D3-BF4B-00C04F79EFBC}") = "Roguelike-tutorial.CSharp.Editor", "Roguelike-tutorial.CSharp.Editor.csproj", "{793AD609-3F80-8C5D-DCFA-859588847D7F}"
EndProject
Global
	GlobalSection(SolutionConfigurationPlatforms) = preSolution
		Debug|Any CPU = Debug|Any CPU
		Release|Any CPU = Release|Any CPU
	EndGlobalSection
	GlobalSection(ProjectConfigurationPlatforms) = postSolution
		{BB438C8B-4542-17C3-14F9-FFA2D647AF4A}.Debug|Any CPU.ActiveCfg = Debug|Any CPU
		{BB438C8B-4542-17C3-14F9-FFA2D647AF4A}.Debug|Any CPU.Build.0 = Debug|Any CPU
		{BB438C8B-4542-17C3-14F9-FFA2D647AF4A}.Release|Any CPU.ActiveCfg = Release|Any CPU
		{BB438C8B-4542-17C3-14F9-FFA2D647AF4A}.Release|Any CPU.Build.0 = Release|Any CPU
		{793AD609-3F80-8C5D-DCFA-859588847D7F}.Debug|Any CPU.ActiveCfg = Debug|Any CPU
		{793AD609-3F80-8C5D-DCFA-859588847D7F}.Debug|Any CPU.Build.0 = Debug|Any CPU
		{793AD609-3F80-8C5D-DCFA-859588847D7F}.Release|Any CPU.ActiveCfg = Release|Any CPU
		{793AD609-3F80-8C5D-DCFA-859588847D7F}.Release|Any CPU.Build.0 = Release|Any CPU
	EndGlobalSection
	GlobalSection(SolutionProperties) = preSolution
		HideSolutionNode = FALSE
	EndGlobalSection
EndGlobal
